
Microsoft Visual Studio Solution File, Format Version 12.00
# Visual Studio Version 17
VisualStudioVersion = 17.6.33829.357
MinimumVisualStudioVersion = 10.0.40219.1
Project("{FAE04EC0-301F-11D3-BF4B-00C04F79EFBC}") = "Projeto-Relogio-de-Threads", "Projeto-Relogio-de-Threads\Projeto-Relogio-de-Threads.csproj", "{7FCF9BBB-4B66-4BE7-B37A-62443ABC2086}"
EndProject
Global
	GlobalSection(SolutionConfigurationPlatforms) = preSolution
		Debug|Any CPU = Debug|Any CPU
		Release|Any CPU = Release|Any CPU
	EndGlobalSection
	GlobalSection(ProjectConfigurationPlatforms) = postSolution
		{7FCF9BBB-4B66-4BE7-B37A-62443ABC2086}.Debug|Any CPU.ActiveCfg = Debug|Any CPU
		{7FCF9BBB-4B66-4BE7-B37A-62443ABC2086}.Debug|Any CPU.Build.0 = Debug|Any CPU
		{7FCF9BBB-4B66-4BE7-B37A-62443ABC2086}.Release|Any CPU.ActiveCfg = Release|Any CPU
		{7FCF9BBB-4B66-4BE7-B37A-62443ABC2086}.Release|Any CPU.Build.0 = Release|Any CPU
	EndGlobalSection
	GlobalSection(SolutionProperties) = preSolution
		HideSolutionNode = FALSE
	EndGlobalSection
	GlobalSection(ExtensibilityGlobals) = postSolution
		SolutionGuid = {BFE7C96D-ECF1-43C5-B3A6-E7D3F1AD8742}
	EndGlobalSection
EndGlobal
